
Microsoft Visual Studio Solution File, Format Version 12.00
# Visual Studio Version 16
VisualStudioVersion = 16.0.28822.285
MinimumVisualStudioVersion = 10.0.40219.1
Project("{9A19103F-16F7-4668-BE54-9A1E7A4F7556}") = "BackendApartmentReservation", "BackendApartmentReservation\BackendApartmentReservation.csproj", "{EE1E9994-0938-4C09-8B58-D0F5613DCEFA}"
EndProject
Project("{9A19103F-16F7-4668-BE54-9A1E7A4F7556}") = "BackendApartmentReservation.Tests", "BackendApartmentReservation.Tests\BackendApartmentReservation.Tests.csproj", "{C02783E8-6D8C-441B-B9EA-BFCDDDD4F743}"
EndProject
Project("{FAE04EC0-301F-11D3-BF4B-00C04F79EFBC}") = "BackendApartmentReservation.Infrastructure", "BackendApartmentReservation.Infrastructure\BackendApartmentReservation.Infrastructure.csproj", "{6D541503-0E91-40AD-9617-6850F0099D44}"
EndProject
Global
	GlobalSection(SolutionConfigurationPlatforms) = preSolution
		Debug|Any CPU = Debug|Any CPU
		Release|Any CPU = Release|Any CPU
	EndGlobalSection
	GlobalSection(ProjectConfigurationPlatforms) = postSolution
		{EE1E9994-0938-4C09-8B58-D0F5613DCEFA}.Debug|Any CPU.ActiveCfg = Debug|Any CPU
		{EE1E9994-0938-4C09-8B58-D0F5613DCEFA}.Debug|Any CPU.Build.0 = Debug|Any CPU
		{EE1E9994-0938-4C09-8B58-D0F5613DCEFA}.Release|Any CPU.ActiveCfg = Release|Any CPU
		{EE1E9994-0938-4C09-8B58-D0F5613DCEFA}.Release|Any CPU.Build.0 = Release|Any CPU
		{C02783E8-6D8C-441B-B9EA-BFCDDDD4F743}.Debug|Any CPU.ActiveCfg = Debug|Any CPU
		{C02783E8-6D8C-441B-B9EA-BFCDDDD4F743}.Debug|Any CPU.Build.0 = Debug|Any CPU
		{C02783E8-6D8C-441B-B9EA-BFCDDDD4F743}.Release|Any CPU.ActiveCfg = Release|Any CPU
		{C02783E8-6D8C-441B-B9EA-BFCDDDD4F743}.Release|Any CPU.Build.0 = Release|Any CPU
		{6D541503-0E91-40AD-9617-6850F0099D44}.Debug|Any CPU.ActiveCfg = Debug|Any CPU
		{6D541503-0E91-40AD-9617-6850F0099D44}.Debug|Any CPU.Build.0 = Debug|Any CPU
		{6D541503-0E91-40AD-9617-6850F0099D44}.Release|Any CPU.ActiveCfg = Release|Any CPU
		{6D541503-0E91-40AD-9617-6850F0099D44}.Release|Any CPU.Build.0 = Release|Any CPU
	EndGlobalSection
	GlobalSection(SolutionProperties) = preSolution
		HideSolutionNode = FALSE
	EndGlobalSection
	GlobalSection(ExtensibilityGlobals) = postSolution
		SolutionGuid = {17241855-656F-4F68-9BBD-572760862C18}
	EndGlobalSection
EndGlobal
